// !$*UTF8*$!
{
	archiveVersion = 1;
	classes = {
	};
	objectVersion = 45;
	objects = {

/* Begin PBXBuildFile section */
		350390770DDF84940019B6CD /* libguile.dylib in Frameworks */ = {isa = PBXBuildFile; fileRef = 350390750DDF84940019B6CD /* libguile.dylib */; };
		350390780DDF84940019B6CD /* libgmp.dylib in Frameworks */ = {isa = PBXBuildFile; fileRef = 350390760DDF84940019B6CD /* libgmp.dylib */; };
		356324100DB2B6DA003D394C /* CMLightTrigger.m in Sources */ = {isa = PBXBuildFile; fileRef = 3563240F0DB2B6DA003D394C /* CMLightTrigger.m */; };
		356413CA0DB2F7B200274C45 /* IOKit.framework in Frameworks */ = {isa = PBXBuildFile; fileRef = 356413C90DB2F7B200274C45 /* IOKit.framework */; };
		35CC684A0DB57C9C00C78F6D /* CMLightTriggerUIController.m in Sources */ = {isa = PBXBuildFile; fileRef = 35CC68490DB57C9C00C78F6D /* CMLightTriggerUIController.m */; };
		35CC684C0DB57CBC00C78F6D /* CMTriggerUI.xib in Resources */ = {isa = PBXBuildFile; fileRef = 35CC684B0DB57CBC00C78F6D /* CMTriggerUI.xib */; };
		35D21E200E2C054300668E51 /* libsexp.a in Frameworks */ = {isa = PBXBuildFile; fileRef = 35D21E1F0E2C054300668E51 /* libsexp.a */; };
		8D5B49B0048680CD000E48DA /* InfoPlist.strings in Resources */ = {isa = PBXBuildFile; fileRef = 089C167DFE841241C02AAC07 /* InfoPlist.strings */; };
		8D5B49B4048680CD000E48DA /* Cocoa.framework in Frameworks */ = {isa = PBXBuildFile; fileRef = 1058C7ADFEA557BF11CA2CBB /* Cocoa.framework */; };
/* End PBXBuildFile section */

/* Begin PBXFileReference section */
		089C1672FE841209C02AAC07 /* Foundation.framework */ = {isa = PBXFileReference; lastKnownFileType = wrapper.framework; name = Foundation.framework; path = /System/Library/Frameworks/Foundation.framework; sourceTree = "<absolute>"; };
		089C167EFE841241C02AAC07 /* English */ = {isa = PBXFileReference; fileEncoding = 10; lastKnownFileType = text.plist.strings; name = English; path = English.lproj/InfoPlist.strings; sourceTree = "<group>"; };
		089C167FFE841241C02AAC07 /* AppKit.framework */ = {isa = PBXFileReference; lastKnownFileType = wrapper.framework; name = AppKit.framework; path = /System/Library/Frameworks/AppKit.framework; sourceTree = "<absolute>"; };
		1058C7ADFEA557BF11CA2CBB /* Cocoa.framework */ = {isa = PBXFileReference; lastKnownFileType = wrapper.framework; name = Cocoa.framework; path = /System/Library/Frameworks/Cocoa.framework; sourceTree = "<absolute>"; };
		32DBCF630370AF2F00C91783 /* CMLightTrigger_Prefix.pch */ = {isa = PBXFileReference; fileEncoding = 4; lastKnownFileType = sourcecode.c.h; path = CMLightTrigger_Prefix.pch; sourceTree = "<group>"; };
		3503906E0DDF84160019B6CD /* CMTrigger.h */ = {isa = PBXFileReference; fileEncoding = 4; lastKnownFileType = sourcecode.c.h; name = CMTrigger.h; path = ../CMTrigger.h; sourceTree = SOURCE_ROOT; };
		350390750DDF84940019B6CD /* libguile.dylib */ = {isa = PBXFileReference; lastKnownFileType = "compiled.mach-o.dylib"; name = libguile.dylib; path = /opt/local/lib/libguile.dylib; sourceTree = "<absolute>"; };
		350390760DDF84940019B6CD /* libgmp.dylib */ = {isa = PBXFileReference; lastKnownFileType = "compiled.mach-o.dylib"; name = libgmp.dylib; path = /opt/local/lib/libgmp.dylib; sourceTree = "<absolute>"; };
		3563240E0DB2B6DA003D394C /* CMLightTrigger.h */ = {isa = PBXFileReference; fileEncoding = 4; lastKnownFileType = sourcecode.c.h; path = CMLightTrigger.h; sourceTree = "<group>"; };
		3563240F0DB2B6DA003D394C /* CMLightTrigger.m */ = {isa = PBXFileReference; fileEncoding = 4; lastKnownFileType = sourcecode.c.objc; path = CMLightTrigger.m; sourceTree = "<group>"; };
		356413C90DB2F7B200274C45 /* IOKit.framework */ = {isa = PBXFileReference; lastKnownFileType = wrapper.framework; name = IOKit.framework; path = /System/Library/Frameworks/IOKit.framework; sourceTree = "<absolute>"; };
		35CC68480DB57C9C00C78F6D /* CMLightTriggerUIController.h */ = {isa = PBXFileReference; fileEncoding = 4; lastKnownFileType = sourcecode.c.h; path = CMLightTriggerUIController.h; sourceTree = "<group>"; };
		35CC68490DB57C9C00C78F6D /* CMLightTriggerUIController.m */ = {isa = PBXFileReference; fileEncoding = 4; lastKnownFileType = sourcecode.c.objc; path = CMLightTriggerUIController.m; sourceTree = "<group>"; };
		35CC684B0DB57CBC00C78F6D /* CMTriggerUI.xib */ = {isa = PBXFileReference; lastKnownFileType = file.xib; path = CMTriggerUI.xib; sourceTree = "<group>"; };
		35D21E070E2C04F000668E51 /* cstring.h */ = {isa = PBXFileReference; fileEncoding = 4; lastKnownFileType = sourcecode.c.h; name = cstring.h; path = ../sexpr/src/cstring.h; sourceTree = SOURCE_ROOT; };
		35D21E080E2C04F000668E51 /* faststack.h */ = {isa = PBXFileReference; fileEncoding = 4; lastKnownFileType = sourcecode.c.h; name = faststack.h; path = ../sexpr/src/faststack.h; sourceTree = SOURCE_ROOT; };
		35D21E090E2C04F000668E51 /* sexp_errors.h */ = {isa = PBXFileReference; fileEncoding = 4; lastKnownFileType = sourcecode.c.h; name = sexp_errors.h; path = ../sexpr/src/sexp_errors.h; sourceTree = SOURCE_ROOT; };
		35D21E0A0E2C04F000668E51 /* sexp_ops.h */ = {isa = PBXFileReference; fileEncoding = 4; lastKnownFileType = sourcecode.c.h; name = sexp_ops.h; path = ../sexpr/src/sexp_ops.h; sourceTree = SOURCE_ROOT; };
		35D21E0B0E2C04F000668E51 /* sexp_memory.h */ = {isa = PBXFileReference; fileEncoding = 4; lastKnownFileType = sourcecode.c.h; name = sexp_memory.h; path = ../sexpr/src/sexp_memory.h; sourceTree = SOURCE_ROOT; };
		35D21E0C0E2C04F000668E51 /* sexp_vis.h */ = {isa = PBXFileReference; fileEncoding = 4; lastKnownFileType = sourcecode.c.h; name = sexp_vis.h; path = ../sexpr/src/sexp_vis.h; sourceTree = SOURCE_ROOT; };
		35D21E0D0E2C04F000668E51 /* sexp.h */ = {isa = PBXFileReference; fileEncoding = 4; lastKnownFileType = sourcecode.c.h; name = sexp.h; path = ../sexpr/src/sexp.h; sourceTree = SOURCE_ROOT; };
		35D21E1F0E2C054300668E51 /* libsexp.a */ = {isa = PBXFileReference; lastKnownFileType = archive.ar; name = libsexp.a; path = ../sexpr/src/libsexp.a; sourceTree = SOURCE_ROOT; };
		8D5B49B6048680CD000E48DA /* CMLightTrigger.bundle */ = {isa = PBXFileReference; explicitFileType = wrapper.cfbundle; includeInIndex = 0; path = CMLightTrigger.bundle; sourceTree = BUILT_PRODUCTS_DIR; };
		8D5B49B7048680CD000E48DA /* Info.plist */ = {isa = PBXFileReference; fileEncoding = 4; lastKnownFileType = text.plist.xml; path = Info.plist; sourceTree = "<group>"; };
		D2F7E65807B2D6F200F64583 /* CoreData.framework */ = {isa = PBXFileReference; lastKnownFileType = wrapper.framework; name = CoreData.framework; path = /System/Library/Frameworks/CoreData.framework; sourceTree = "<absolute>"; };
/* End PBXFileReference section */

/* Begin PBXFrameworksBuildPhase section */
		8D5B49B3048680CD000E48DA /* Frameworks */ = {
			isa = PBXFrameworksBuildPhase;
			buildActionMask = 2147483647;
			files = (
				8D5B49B4048680CD000E48DA /* Cocoa.framework in Frameworks */,
				356413CA0DB2F7B200274C45 /* IOKit.framework in Frameworks */,
				350390770DDF84940019B6CD /* libguile.dylib in Frameworks */,
				350390780DDF84940019B6CD /* libgmp.dylib in Frameworks */,
				35D21E200E2C054300668E51 /* libsexp.a in Frameworks */,
			);
			runOnlyForDeploymentPostprocessing = 0;
		};
/* End PBXFrameworksBuildPhase section */

/* Begin PBXGroup section */
		089C166AFE841209C02AAC07 /* CMLightTrigger */ = {
			isa = PBXGroup;
			children = (
				35D21E1B0E2C04F400668E51 /* sexpr */,
				08FB77AFFE84173DC02AAC07 /* Classes */,
				32C88E010371C26100C91783 /* Other Sources */,
				089C167CFE841241C02AAC07 /* Resources */,
				089C1671FE841209C02AAC07 /* Frameworks and Libraries */,
				19C28FB8FE9D52D311CA2CBB /* Products */,
			);
			name = CMLightTrigger;
			sourceTree = "<group>";
		};
		089C1671FE841209C02AAC07 /* Frameworks and Libraries */ = {
			isa = PBXGroup;
			children = (
				35D21E1F0E2C054300668E51 /* libsexp.a */,
				350390750DDF84940019B6CD /* libguile.dylib */,
				350390760DDF84940019B6CD /* libgmp.dylib */,
				1058C7ACFEA557BF11CA2CBB /* Linked Frameworks */,
				1058C7AEFEA557BF11CA2CBB /* Other Frameworks */,
			);
			name = "Frameworks and Libraries";
			sourceTree = "<group>";
		};
		089C167CFE841241C02AAC07 /* Resources */ = {
			isa = PBXGroup;
			children = (
				8D5B49B7048680CD000E48DA /* Info.plist */,
				089C167DFE841241C02AAC07 /* InfoPlist.strings */,
				35CC684B0DB57CBC00C78F6D /* CMTriggerUI.xib */,
			);
			name = Resources;
			sourceTree = "<group>";
		};
		08FB77AFFE84173DC02AAC07 /* Classes */ = {
			isa = PBXGroup;
			children = (
				3503906E0DDF84160019B6CD /* CMTrigger.h */,
				3563240E0DB2B6DA003D394C /* CMLightTrigger.h */,
				3563240F0DB2B6DA003D394C /* CMLightTrigger.m */,
				35CC68480DB57C9C00C78F6D /* CMLightTriggerUIController.h */,
				35CC68490DB57C9C00C78F6D /* CMLightTriggerUIController.m */,
			);
			name = Classes;
			sourceTree = "<group>";
		};
		1058C7ACFEA557BF11CA2CBB /* Linked Frameworks */ = {
			isa = PBXGroup;
			children = (
				356413C90DB2F7B200274C45 /* IOKit.framework */,
				1058C7ADFEA557BF11CA2CBB /* Cocoa.framework */,
			);
			name = "Linked Frameworks";
			sourceTree = "<group>";
		};
		1058C7AEFEA557BF11CA2CBB /* Other Frameworks */ = {
			isa = PBXGroup;
			children = (
				089C167FFE841241C02AAC07 /* AppKit.framework */,
				D2F7E65807B2D6F200F64583 /* CoreData.framework */,
				089C1672FE841209C02AAC07 /* Foundation.framework */,
			);
			name = "Other Frameworks";
			sourceTree = "<group>";
		};
		19C28FB8FE9D52D311CA2CBB /* Products */ = {
			isa = PBXGroup;
			children = (
				8D5B49B6048680CD000E48DA /* CMLightTrigger.bundle */,
			);
			name = Products;
			sourceTree = "<group>";
		};
		32C88E010371C26100C91783 /* Other Sources */ = {
			isa = PBXGroup;
			children = (
				32DBCF630370AF2F00C91783 /* CMLightTrigger_Prefix.pch */,
			);
			name = "Other Sources";
			sourceTree = "<group>";
		};
		35D21E1B0E2C04F400668E51 /* sexpr */ = {
			isa = PBXGroup;
			children = (
				35D21E070E2C04F000668E51 /* cstring.h */,
				35D21E080E2C04F000668E51 /* faststack.h */,
				35D21E090E2C04F000668E51 /* sexp_errors.h */,
				35D21E0A0E2C04F000668E51 /* sexp_ops.h */,
				35D21E0B0E2C04F000668E51 /* sexp_memory.h */,
				35D21E0C0E2C04F000668E51 /* sexp_vis.h */,
				35D21E0D0E2C04F000668E51 /* sexp.h */,
			);
			name = sexpr;
			sourceTree = "<group>";
		};
/* End PBXGroup section */

/* Begin PBXNativeTarget section */
		8D5B49AC048680CD000E48DA /* CMLightTrigger */ = {
			isa = PBXNativeTarget;
			buildConfigurationList = 1DEB913A08733D840010E9CD /* Build configuration list for PBXNativeTarget "CMLightTrigger" */;
			buildPhases = (
				8D5B49AF048680CD000E48DA /* Resources */,
				8D5B49B1048680CD000E48DA /* Sources */,
				8D5B49B3048680CD000E48DA /* Frameworks */,
			);
			buildRules = (
			);
			dependencies = (
			);
			name = CMLightTrigger;
			productInstallPath = "$(HOME)/Library/Bundles";
			productName = CMLightTrigger;
			productReference = 8D5B49B6048680CD000E48DA /* CMLightTrigger.bundle */;
			productType = "com.apple.product-type.bundle";
		};
/* End PBXNativeTarget section */

/* Begin PBXProject section */
		089C1669FE841209C02AAC07 /* Project object */ = {
			isa = PBXProject;
			buildConfigurationList = 1DEB913E08733D840010E9CD /* Build configuration list for PBXProject "CMLightTrigger" */;
			compatibilityVersion = "Xcode 3.1";
			hasScannedForEncodings = 1;
			mainGroup = 089C166AFE841209C02AAC07 /* CMLightTrigger */;
			projectDirPath = "";
			projectRoot = "";
			targets = (
				8D5B49AC048680CD000E48DA /* CMLightTrigger */,
			);
		};
/* End PBXProject section */

/* Begin PBXResourcesBuildPhase section */
		8D5B49AF048680CD000E48DA /* Resources */ = {
			isa = PBXResourcesBuildPhase;
			buildActionMask = 2147483647;
			files = (
				8D5B49B0048680CD000E48DA /* InfoPlist.strings in Resources */,
				35CC684C0DB57CBC00C78F6D /* CMTriggerUI.xib in Resources */,
			);
			runOnlyForDeploymentPostprocessing = 0;
		};
/* End PBXResourcesBuildPhase section */

/* Begin PBXSourcesBuildPhase section */
		8D5B49B1048680CD000E48DA /* Sources */ = {
			isa = PBXSourcesBuildPhase;
			buildActionMask = 2147483647;
			files = (
				356324100DB2B6DA003D394C /* CMLightTrigger.m in Sources */,
				35CC684A0DB57C9C00C78F6D /* CMLightTriggerUIController.m in Sources */,
			);
			runOnlyForDeploymentPostprocessing = 0;
		};
/* End PBXSourcesBuildPhase section */

/* Begin PBXVariantGroup section */
		089C167DFE841241C02AAC07 /* InfoPlist.strings */ = {
			isa = PBXVariantGroup;
			children = (
				089C167EFE841241C02AAC07 /* English */,
			);
			name = InfoPlist.strings;
			sourceTree = "<group>";
		};
/* End PBXVariantGroup section */

/* Begin XCBuildConfiguration section */
		1DEB913B08733D840010E9CD /* Debug */ = {
			isa = XCBuildConfiguration;
			buildSettings = {
				ALWAYS_SEARCH_USER_PATHS = NO;
				COPY_PHASE_STRIP = NO;
				GCC_DYNAMIC_NO_PIC = NO;
				GCC_ENABLE_FIX_AND_CONTINUE = YES;
				GCC_MODEL_TUNING = G5;
				GCC_OPTIMIZATION_LEVEL = 0;
				GCC_PRECOMPILE_PREFIX_HEADER = YES;
				GCC_PREFIX_HEADER = CMLightTrigger_Prefix.pch;
				INFOPLIST_FILE = Info.plist;
				INSTALL_PATH = "$(HOME)/Library/Bundles";
				LIBRARY_SEARCH_PATHS = (
					"$(inherited)",
					/opt/local/lib,
					"\"$(SRCROOT)/../sexpr/src\"",
				);
				PRODUCT_NAME = CMLightTrigger;
				WRAPPER_EXTENSION = bundle;
			};
			name = Debug;
		};
		1DEB913C08733D840010E9CD /* Release */ = {
			isa = XCBuildConfiguration;
			buildSettings = {
				ALWAYS_SEARCH_USER_PATHS = NO;
				DEBUG_INFORMATION_FORMAT = "dwarf-with-dsym";
				GCC_MODEL_TUNING = G5;
				GCC_PRECOMPILE_PREFIX_HEADER = YES;
				GCC_PREFIX_HEADER = CMLightTrigger_Prefix.pch;
				INFOPLIST_FILE = Info.plist;
				INSTALL_PATH = "$(HOME)/Library/Bundles";
				LIBRARY_SEARCH_PATHS = (
					"$(inherited)",
					/opt/local/lib,
					"\"$(SRCROOT)/../sexpr/src\"",
				);
				PRODUCT_NAME = CMLightTrigger;
				WRAPPER_EXTENSION = bundle;
			};
			name = Release;
		};
		1DEB913F08733D840010E9CD /* Debug */ = {
			isa = XCBuildConfiguration;
			buildSettings = {
				ALWAYS_SEARCH_USER_PATHS = NO;
				ARCHS = "$(NATIVE_ARCH)";
				GCC_C_LANGUAGE_STANDARD = gnu99;
				GCC_ENABLE_OBJC_GC = required;
				GCC_OPTIMIZATION_LEVEL = 0;
				GCC_VERSION = com.apple.compilers.llvmgcc42;
				GCC_WARN_ABOUT_RETURN_TYPE = YES;
				GCC_WARN_UNUSED_VARIABLE = YES;
				HEADER_SEARCH_PATHS = (
					/opt/local/include,
					/usr/local/include,
				);
				ONLY_ACTIVE_ARCH = YES;
				PREBINDING = NO;
				SDKROOT = macosx10.5;
			};
			name = Debug;
		};
		1DEB914008733D840010E9CD /* Release */ = {
			isa = XCBuildConfiguration;
			buildSettings = {
				ALWAYS_SEARCH_USER_PATHS = NO;
				ARCHS = "$(NATIVE_ARCH)";
				GCC_C_LANGUAGE_STANDARD = gnu99;
				GCC_WARN_ABOUT_RETURN_TYPE = YES;
				GCC_WARN_UNUSED_VARIABLE = YES;
				HEADER_SEARCH_PATHS = /usr/local/include;
				PREBINDING = NO;
				SDKROOT = macosx10.5;
			};
			name = Release;
		};
/* End XCBuildConfiguration section */

/* Begin XCConfigurationList section */
		1DEB913A08733D840010E9CD /* Build configuration list for PBXNativeTarget "CMLightTrigger" */ = {
			isa = XCConfigurationList;
			buildConfigurations = (
				1DEB913B08733D840010E9CD /* Debug */,
				1DEB913C08733D840010E9CD /* Release */,
			);
			defaultConfigurationIsVisible = 0;
			defaultConfigurationName = Release;
		};
		1DEB913E08733D840010E9CD /* Build configuration list for PBXProject "CMLightTrigger" */ = {
			isa = XCConfigurationList;
			buildConfigurations = (
				1DEB913F08733D840010E9CD /* Debug */,
				1DEB914008733D840010E9CD /* Release */,
			);
			defaultConfigurationIsVisible = 0;
			defaultConfigurationName = Release;
		};
/* End XCConfigurationList section */
	};
	rootObject = 089C1669FE841209C02AAC07 /* Project object */;
}
